
Microsoft Visual Studio Solution File, Format Version 12.00
# Visual Studio 15
VisualStudioVersion = 15.0.28307.168
MinimumVisualStudioVersion = 10.0.40219.1
Project("{9A19103F-16F7-4668-BE54-9A1E7A4F7556}") = "PokemonInfoFetcher", "PokemonInfoFetcher\PokemonInfoFetcher.csproj", "{BD920D0D-926B-4136-BBA3-CEA20A19F670}"
EndProject
Project("{FAE04EC0-301F-11D3-BF4B-00C04F79EFBC}") = "PokemonInfoWF", "PokemonInfoWF\PokemonInfoWF.csproj", "{6A58F72E-49BE-4FE6-A596-719C398D0A15}"
EndProject
Global
	GlobalSection(SolutionConfigurationPlatforms) = preSolution
		Debug|Any CPU = Debug|Any CPU
		Release|Any CPU = Release|Any CPU
	EndGlobalSection
	GlobalSection(ProjectConfigurationPlatforms) = postSolution
		{BD920D0D-926B-4136-BBA3-CEA20A19F670}.Debug|Any CPU.ActiveCfg = Debug|Any CPU
		{BD920D0D-926B-4136-BBA3-CEA20A19F670}.Debug|Any CPU.Build.0 = Debug|Any CPU
		{BD920D0D-926B-4136-BBA3-CEA20A19F670}.Release|Any CPU.ActiveCfg = Release|Any CPU
		{BD920D0D-926B-4136-BBA3-CEA20A19F670}.Release|Any CPU.Build.0 = Release|Any CPU
		{6A58F72E-49BE-4FE6-A596-719C398D0A15}.Debug|Any CPU.ActiveCfg = Debug|Any CPU
		{6A58F72E-49BE-4FE6-A596-719C398D0A15}.Debug|Any CPU.Build.0 = Debug|Any CPU
		{6A58F72E-49BE-4FE6-A596-719C398D0A15}.Release|Any CPU.ActiveCfg = Release|Any CPU
		{6A58F72E-49BE-4FE6-A596-719C398D0A15}.Release|Any CPU.Build.0 = Release|Any CPU
	EndGlobalSection
	GlobalSection(SolutionProperties) = preSolution
		HideSolutionNode = FALSE
	EndGlobalSection
	GlobalSection(ExtensibilityGlobals) = postSolution
		SolutionGuid = {CCF874B8-B2C8-41E4-95A3-E267D12E9167}
	EndGlobalSection
EndGlobal
